
Microsoft Visual Studio Solution File, Format Version 12.00
# Visual Studio Version 17
VisualStudioVersion = 17.2.32526.322
MinimumVisualStudioVersion = 10.0.40219.1
Project("{FAE04EC0-301F-11D3-BF4B-00C04F79EFBC}") = "Dictionary", "Dictionary\Dictionary.csproj", "{4D85B150-5CC1-4CEC-B1B9-0132C5457E02}"
EndProject
Global
	GlobalSection(SolutionConfigurationPlatforms) = preSolution
		Debug|Any CPU = Debug|Any CPU
		Release|Any CPU = Release|Any CPU
	EndGlobalSection
	GlobalSection(ProjectConfigurationPlatforms) = postSolution
		{4D85B150-5CC1-4CEC-B1B9-0132C5457E02}.Debug|Any CPU.ActiveCfg = Debug|Any CPU
		{4D85B150-5CC1-4CEC-B1B9-0132C5457E02}.Debug|Any CPU.Build.0 = Debug|Any CPU
		{4D85B150-5CC1-4CEC-B1B9-0132C5457E02}.Release|Any CPU.ActiveCfg = Release|Any CPU
		{4D85B150-5CC1-4CEC-B1B9-0132C5457E02}.Release|Any CPU.Build.0 = Release|Any CPU
	EndGlobalSection
	GlobalSection(SolutionProperties) = preSolution
		HideSolutionNode = FALSE
	EndGlobalSection
	GlobalSection(ExtensibilityGlobals) = postSolution
		SolutionGuid = {1EAF1E09-CE53-4AB0-8881-D0D603072E90}
	EndGlobalSection
EndGlobal
